{
  "name": "systems",
  "version": "1.0.0",
  "lockfileVersion": 1,
  "requires": true,
  "dependencies": {
    "jquery": {
      "version": "3.6.0",
      "resolved": "https://registry.npmjs.org/jquery/-/jquery-3.6.0.tgz",
      "integrity": "sha512-JVzAR/AjBvVt2BmYhxRCSYysDsPcssdmTFnzyLEts9qNwmjmu4JTAMYubEfwVOSwpQ1I1sKKFcxhZCI2buerfw=="
    },
    "lodash": {
      "version": "4.17.21",
      "resolved": "https://registry.npmjs.org/lodash/-/lodash-4.17.21.tgz",
      "integrity": "sha512-v2kDEe57lecTulaDIuNTPy3Ry4gLGJ6Z1O3vE1krgXZNrsQ+LFTGHVxVjcXPs17LhbZVGedAJv8XZ1tvj5FvSg=="
    },
    "lua-json": {
      "version": "1.0.0",
      "resolved": "https://registry.npmjs.org/lua-json/-/lua-json-1.0.0.tgz",
      "integrity": "sha512-TrMvRPvrbOoPbEY79mIdZsMxwcEpzcUQ5iy9Vir6BmCOV9yOSkA3jHTFZklN1OUyx6F9o/dMLLS/Y6Urb063YQ==",
      "requires": {
        "lodash": "^4.17.11",
        "luaparse": "^0.2.1"
      }
    },
    "luaparse": {
      "version": "0.2.1",
      "resolved": "https://registry.npmjs.org/luaparse/-/luaparse-0.2.1.tgz",
      "integrity": "sha1-qo9WEysN6X0388mRqd9C4OF/ZWw="
    },
    "paper": {
      "version": "0.12.15",
      "resolved": "https://registry.npmjs.org/paper/-/paper-0.12.15.tgz",
      "integrity": "sha512-9qqtcY+V0Sd2RTLZKh7rTfWDbhfitOrtq3kzgOufhGpuYpCUXM+3UIK61au14tI0F9NA4xSttDYfk376O50aPA=="
    }
  }
}
